
Microsoft Visual Studio Solution File, Format Version 12.00
# Visual Studio 15
VisualStudioVersion = 15.0.27703.2035
MinimumVisualStudioVersion = 10.0.40219.1
Project("{8BC9CEB8-8B4A-11D0-8D11-00A0C91BC942}") = "1", "ProjectEuler\ProjectEuler.vcxproj", "{CBDD8130-623E-438F-BB06-5E4312D0C9A0}"
EndProject
Project("{8BC9CEB8-8B4A-11D0-8D11-00A0C91BC942}") = "2", "2\2.vcxproj", "{CDB11B75-491E-4B15-B5F2-506202F25110}"
EndProject
Global
	GlobalSection(SolutionConfigurationPlatforms) = preSolution
		Debug|x64 = Debug|x64
		Debug|x86 = Debug|x86
		Release|x64 = Release|x64
		Release|x86 = Release|x86
	EndGlobalSection
	GlobalSection(ProjectConfigurationPlatforms) = postSolution
		{CBDD8130-623E-438F-BB06-5E4312D0C9A0}.Debug|x64.ActiveCfg = Debug|x64
		{CBDD8130-623E-438F-BB06-5E4312D0C9A0}.Debug|x64.Build.0 = Debug|x64
		{CBDD8130-623E-438F-BB06-5E4312D0C9A0}.Debug|x86.ActiveCfg = Debug|Win32
		{CBDD8130-623E-438F-BB06-5E4312D0C9A0}.Debug|x86.Build.0 = Debug|Win32
		{CBDD8130-623E-438F-BB06-5E4312D0C9A0}.Release|x64.ActiveCfg = Release|x64
		{CBDD8130-623E-438F-BB06-5E4312D0C9A0}.Release|x64.Build.0 = Release|x64
		{CBDD8130-623E-438F-BB06-5E4312D0C9A0}.Release|x86.ActiveCfg = Release|Win32
		{CBDD8130-623E-438F-BB06-5E4312D0C9A0}.Release|x86.Build.0 = Release|Win32
		{CDB11B75-491E-4B15-B5F2-506202F25110}.Debug|x64.ActiveCfg = Debug|x64
		{CDB11B75-491E-4B15-B5F2-506202F25110}.Debug|x64.Build.0 = Debug|x64
		{CDB11B75-491E-4B15-B5F2-506202F25110}.Debug|x86.ActiveCfg = Debug|Win32
		{CDB11B75-491E-4B15-B5F2-506202F25110}.Debug|x86.Build.0 = Debug|Win32
		{CDB11B75-491E-4B15-B5F2-506202F25110}.Release|x64.ActiveCfg = Release|x64
		{CDB11B75-491E-4B15-B5F2-506202F25110}.Release|x64.Build.0 = Release|x64
		{CDB11B75-491E-4B15-B5F2-506202F25110}.Release|x86.ActiveCfg = Release|Win32
		{CDB11B75-491E-4B15-B5F2-506202F25110}.Release|x86.Build.0 = Release|Win32
	EndGlobalSection
	GlobalSection(SolutionProperties) = preSolution
		HideSolutionNode = FALSE
	EndGlobalSection
	GlobalSection(ExtensibilityGlobals) = postSolution
		SolutionGuid = {75BD4CA8-0DE9-4A65-9E0A-5E6304487C9A}
	EndGlobalSection
EndGlobal
